{
  "name": "bedrockconnect-site",
  "version": "1.0.0",
  "lockfileVersion": 1,
  "requires": true,
  "dependencies": {
    "@types/node": {
      "version": "12.0.4",
      "resolved": "https://registry.npmjs.org/@types/node/-/node-12.0.4.tgz",
      "integrity": "sha512-j8YL2C0fXq7IONwl/Ud5Kt0PeXw22zGERt+HSSnwbKOJVsAGkEz3sFCYwaF9IOuoG1HOtE0vKCj6sXF7Q0+Vaw=="
    },
    "any-promise": {
      "version": "1.3.0",
      "resolved": "https://registry.npmjs.org/any-promise/-/any-promise-1.3.0.tgz",
      "integrity": "sha1-q8av7tzqUugJzcA3au0845Y10X8="
    },
    "asyncawait": {
      "version": "1.0.8",
      "resolved": "https://registry.npmjs.org/asyncawait/-/asyncawait-1.0.8.tgz",
      "integrity": "sha512-yssMQjNRaFYJbJPXnZQ/G4o5uqBj6Ol7HqjEzjyO7306RHnqLGoenKaVbqUgqhk1QBXZSJ3yf2xhQCWcZjWt6w==",
      "requires": {
        "bluebird": "3.5.5",
        "fibers": "2.0.2",
        "lodash": "4.17.11"
      }
    },
    "bluebird": {
      "version": "3.5.5",
      "resolved": "https://registry.npmjs.org/bluebird/-/bluebird-3.5.5.tgz",
      "integrity": "sha512-5am6HnnfN+urzt4yfg7IgTbotDjIT/u8AJpEt0sIU9FtXfVeezXAPKswrG+xKUCOYAINpSdgZVDU6QFh+cuH3w=="
    },
    "cls-bluebird": {
      "version": "2.1.0",
      "resolved": "https://registry.npmjs.org/cls-bluebird/-/cls-bluebird-2.1.0.tgz",
      "integrity": "sha1-N+8eCAqP+1XC9BZPU28ZGeeWiu4=",
      "requires": {
        "is-bluebird": "1.0.2",
        "shimmer": "1.2.1"
      }
    },
    "debug": {
      "version": "4.1.1",
      "resolved": "https://registry.npmjs.org/debug/-/debug-4.1.1.tgz",
      "integrity": "sha512-pYAIzeRo8J6KPEaJ0VWOh5Pzkbw/RetuzehGM7QRRX5he4fPHx2rdKMB256ehJCkX+XRQm16eZLqLNS8RSZXZw==",
      "requires": {
        "ms": "2.1.1"
      }
    },
    "dnsjack": {
      "version": "1.0.0",
      "resolved": "https://registry.npmjs.org/dnsjack/-/dnsjack-1.0.0.tgz",
      "integrity": "sha1-rRDGOGI+jpz+0/wqHrypbfA4XzY="
    },
    "dottie": {
      "version": "2.0.1",
      "resolved": "https://registry.npmjs.org/dottie/-/dottie-2.0.1.tgz",
      "integrity": "sha512-ch5OQgvGDK2u8pSZeSYAQaV/lczImd7pMJ7BcEPXmnFVjy4yJIzP6CsODJUTH8mg1tyH1Z2abOiuJO3DjZ/GBw=="
    },
    "fibers": {
      "version": "2.0.2",
      "resolved": "https://registry.npmjs.org/fibers/-/fibers-2.0.2.tgz",
      "integrity": "sha512-HfVRxhYG7C8Jl9FqtrlElMR2z/8YiLQVDKf67MLY25Ic+ILx3ecmklfT1v3u+7P5/4vEFjuxaAFXhr2/Afwk5g=="
    },
    "inflection": {
      "version": "1.12.0",
      "resolved": "https://registry.npmjs.org/inflection/-/inflection-1.12.0.tgz",
      "integrity": "sha1-ogCTVlbW9fa8TcdQLhrstwMihBY="
    },
    "is-bluebird": {
      "version": "1.0.2",
      "resolved": "https://registry.npmjs.org/is-bluebird/-/is-bluebird-1.0.2.tgz",
      "integrity": "sha1-CWQ5Bg9KpBGr7hkUOoTWpVNG1uI="
    },
    "lodash": {
      "version": "4.17.11",
      "resolved": "https://registry.npmjs.org/lodash/-/lodash-4.17.11.tgz",
      "integrity": "sha512-cQKh8igo5QUhZ7lg38DYWAxMvjSAKG0A8wGSVimP07SIUEK2UO+arSRKbRZWtelMtN5V0Hkwh5ryOto/SshYIg=="
    },
    "moment": {
      "version": "2.24.0",
      "resolved": "https://registry.npmjs.org/moment/-/moment-2.24.0.tgz",
      "integrity": "sha512-bV7f+6l2QigeBBZSM/6yTNq4P2fNpSWj/0e7jQcy87A8e7o2nAfP/34/2ky5Vw4B9S446EtIhodAzkFCcR4dQg=="
    },
    "moment-timezone": {
      "version": "0.5.25",
      "resolved": "https://registry.npmjs.org/moment-timezone/-/moment-timezone-0.5.25.tgz",
      "integrity": "sha512-DgEaTyN/z0HFaVcVbSyVCUU6HeFdnNC3vE4c9cgu2dgMTvjBUBdBzWfasTBmAW45u5OIMeCJtU8yNjM22DHucw==",
      "requires": {
        "moment": "2.24.0"
      }
    },
    "ms": {
      "version": "2.1.1",
      "resolved": "https://registry.npmjs.org/ms/-/ms-2.1.1.tgz",
      "integrity": "sha512-tgp+dl5cGk28utYktBsrFqA7HKgrhgPsg6Z/EfhWI4gl1Hwq8B/GmY/0oXZ6nF8hDVesS/FpnYaD/kOWhYQvyg=="
    },
    "retry-as-promised": {
      "version": "3.2.0",
      "resolved": "https://registry.npmjs.org/retry-as-promised/-/retry-as-promised-3.2.0.tgz",
      "integrity": "sha512-CybGs60B7oYU/qSQ6kuaFmRd9sTZ6oXSc0toqePvV74Ac6/IFZSI1ReFQmtCN+uvW1Mtqdwpvt/LGOiCBAY2Mg==",
      "requires": {
        "any-promise": "1.3.0"
      }
    },
    "semver": {
      "version": "5.7.0",
      "resolved": "https://registry.npmjs.org/semver/-/semver-5.7.0.tgz",
      "integrity": "sha512-Ya52jSX2u7QKghxeoFGpLwCtGlt7j0oY9DYb5apt9nPlJ42ID+ulTXESnt/qAQcoSERyZ5sl3LDIOw0nAn/5DA=="
    },
    "sequelize": {
      "version": "5.8.7",
      "resolved": "https://registry.npmjs.org/sequelize/-/sequelize-5.8.7.tgz",
      "integrity": "sha512-1rubZM8fAyCt5ipyS+3HJ3Jbmb8WesLdPJ3jIbTD+78EbuPZILFEA5fK0mliVRBx7oM7oPULeVX0lxSRXBV1jw==",
      "requires": {
        "bluebird": "3.5.5",
        "cls-bluebird": "2.1.0",
        "debug": "4.1.1",
        "dottie": "2.0.1",
        "inflection": "1.12.0",
        "lodash": "4.17.11",
        "moment": "2.24.0",
        "moment-timezone": "0.5.25",
        "retry-as-promised": "3.2.0",
        "semver": "5.7.0",
        "sequelize-pool": "1.0.2",
        "toposort-class": "1.0.1",
        "uuid": "3.3.2",
        "validator": "10.11.0",
        "wkx": "0.4.6"
      }
    },
    "sequelize-pool": {
      "version": "1.0.2",
      "resolved": "https://registry.npmjs.org/sequelize-pool/-/sequelize-pool-1.0.2.tgz",
      "integrity": "sha512-VMKl/gCCdIvB1gFZ7p+oqLFEyZEz3oMMYjkKvfEC7GoO9bBcxmfOOU9RdkoltfXGgBZFigSChihRly2gKtsh2w==",
      "requires": {
        "bluebird": "3.5.5"
      }
    },
    "shimmer": {
      "version": "1.2.1",
      "resolved": "https://registry.npmjs.org/shimmer/-/shimmer-1.2.1.tgz",
      "integrity": "sha512-sQTKC1Re/rM6XyFM6fIAGHRPVGvyXfgzIDvzoq608vM+jeyVD0Tu1E6Np0Kc2zAIFWIj963V2800iF/9LPieQw=="
    },
    "toposort-class": {
      "version": "1.0.1",
      "resolved": "https://registry.npmjs.org/toposort-class/-/toposort-class-1.0.1.tgz",
      "integrity": "sha1-f/0feMi+KMO6Rc1OGj9e4ZO9mYg="
    },
    "uuid": {
      "version": "3.3.2",
      "resolved": "https://registry.npmjs.org/uuid/-/uuid-3.3.2.tgz",
      "integrity": "sha512-yXJmeNaw3DnnKAOKJE51sL/ZaYfWJRl1pK9dr19YFCu0ObS231AB1/LbqTKRAQ5kw8A90rA6fr4riOUpTZvQZA=="
    },
    "validator": {
      "version": "10.11.0",
      "resolved": "https://registry.npmjs.org/validator/-/validator-10.11.0.tgz",
      "integrity": "sha512-X/p3UZerAIsbBfN/IwahhYaBbY68EN/UQBWHtsbXGT5bfrH/p4NQzUCG1kF/rtKaNpnJ7jAu6NGTdSNtyNIXMw=="
    },
    "wkx": {
      "version": "0.4.6",
      "resolved": "https://registry.npmjs.org/wkx/-/wkx-0.4.6.tgz",
      "integrity": "sha512-LHxXlzRCYQXA9ZHgs8r7Gafh0gVOE8o3QmudM1PIkOdkXXjW7Thcl+gb2P2dRuKgW8cqkitCRZkkjtmWzpHi7A==",
      "requires": {
        "@types/node": "12.0.4"
      }
    }
  }
}
